
Microsoft Visual Studio Solution File, Format Version 12.00
# Visual Studio Version 16
VisualStudioVersion = 16.0.31005.135
MinimumVisualStudioVersion = 10.0.40219.1
Project("{8BC9CEB8-8B4A-11D0-8D11-00A0C91BC942}") = "GraphicsTutorial", "GraphicsTutorial\GraphicsTutorial.vcxproj", "{D12D9680-5D24-4CAA-AF09-B09B5E5835BE}"
	ProjectSection(ProjectDependencies) = postProject
		{B071EDF0-2536-4AC1-AAD8-9C1CDD87A9FC} = {B071EDF0-2536-4AC1-AAD8-9C1CDD87A9FC}
	EndProjectSection
EndProject
Project("{8BC9CEB8-8B4A-11D0-8D11-00A0C91BC942}") = "Gengine", "Gengine\Gengine.vcxproj", "{B071EDF0-2536-4AC1-AAD8-9C1CDD87A9FC}"
EndProject
Project("{8BC9CEB8-8B4A-11D0-8D11-00A0C91BC942}") = "ZombieGame", "ZombieGame\ZombieGame.vcxproj", "{7A675BE9-A588-411A-A046-4AEA3E701D97}"
	ProjectSection(ProjectDependencies) = postProject
		{B071EDF0-2536-4AC1-AAD8-9C1CDD87A9FC} = {B071EDF0-2536-4AC1-AAD8-9C1CDD87A9FC}
	EndProjectSection
EndProject
Project("{8BC9CEB8-8B4A-11D0-8D11-00A0C91BC942}") = "BallGame", "BallGame\BallGame.vcxproj", "{D5469A26-68E2-47FE-BC21-5B52DB32616A}"
EndProject
Project("{8BC9CEB8-8B4A-11D0-8D11-00A0C91BC942}") = "NinjaPlatformer", "NinjaPlatformer\NinjaPlatformer.vcxproj", "{1D1D974B-C122-4777-B3E2-648A1666A76C}"
EndProject
Global
	GlobalSection(SolutionConfigurationPlatforms) = preSolution
		Debug|x64 = Debug|x64
		Debug|x86 = Debug|x86
		Release|x64 = Release|x64
		Release|x86 = Release|x86
	EndGlobalSection
	GlobalSection(ProjectConfigurationPlatforms) = postSolution
		{D12D9680-5D24-4CAA-AF09-B09B5E5835BE}.Debug|x64.ActiveCfg = Debug|x64
		{D12D9680-5D24-4CAA-AF09-B09B5E5835BE}.Debug|x64.Build.0 = Debug|x64
		{D12D9680-5D24-4CAA-AF09-B09B5E5835BE}.Debug|x86.ActiveCfg = Debug|Win32
		{D12D9680-5D24-4CAA-AF09-B09B5E5835BE}.Debug|x86.Build.0 = Debug|Win32
		{D12D9680-5D24-4CAA-AF09-B09B5E5835BE}.Release|x64.ActiveCfg = Release|x64
		{D12D9680-5D24-4CAA-AF09-B09B5E5835BE}.Release|x64.Build.0 = Release|x64
		{D12D9680-5D24-4CAA-AF09-B09B5E5835BE}.Release|x86.ActiveCfg = Release|Win32
		{D12D9680-5D24-4CAA-AF09-B09B5E5835BE}.Release|x86.Build.0 = Release|Win32
		{B071EDF0-2536-4AC1-AAD8-9C1CDD87A9FC}.Debug|x64.ActiveCfg = Debug|x64
		{B071EDF0-2536-4AC1-AAD8-9C1CDD87A9FC}.Debug|x64.Build.0 = Debug|x64
		{B071EDF0-2536-4AC1-AAD8-9C1CDD87A9FC}.Debug|x86.ActiveCfg = Debug|Win32
		{B071EDF0-2536-4AC1-AAD8-9C1CDD87A9FC}.Debug|x86.Build.0 = Debug|Win32
		{B071EDF0-2536-4AC1-AAD8-9C1CDD87A9FC}.Release|x64.ActiveCfg = Release|x64
		{B071EDF0-2536-4AC1-AAD8-9C1CDD87A9FC}.Release|x64.Build.0 = Release|x64
		{B071EDF0-2536-4AC1-AAD8-9C1CDD87A9FC}.Release|x86.ActiveCfg = Release|Win32
		{B071EDF0-2536-4AC1-AAD8-9C1CDD87A9FC}.Release|x86.Build.0 = Release|Win32
		{7A675BE9-A588-411A-A046-4AEA3E701D97}.Debug|x64.ActiveCfg = Debug|x64
		{7A675BE9-A588-411A-A046-4AEA3E701D97}.Debug|x64.Build.0 = Debug|x64
		{7A675BE9-A588-411A-A046-4AEA3E701D97}.Debug|x86.ActiveCfg = Debug|Win32
		{7A675BE9-A588-411A-A046-4AEA3E701D97}.Debug|x86.Build.0 = Debug|Win32
		{7A675BE9-A588-411A-A046-4AEA3E701D97}.Release|x64.ActiveCfg = Release|x64
		{7A675BE9-A588-411A-A046-4AEA3E701D97}.Release|x64.Build.0 = Release|x64
		{7A675BE9-A588-411A-A046-4AEA3E701D97}.Release|x86.ActiveCfg = Release|Win32
		{7A675BE9-A588-411A-A046-4AEA3E701D97}.Release|x86.Build.0 = Release|Win32
		{D5469A26-68E2-47FE-BC21-5B52DB32616A}.Debug|x64.ActiveCfg = Debug|x64
		{D5469A26-68E2-47FE-BC21-5B52DB32616A}.Debug|x64.Build.0 = Debug|x64
		{D5469A26-68E2-47FE-BC21-5B52DB32616A}.Debug|x86.ActiveCfg = Debug|Win32
		{D5469A26-68E2-47FE-BC21-5B52DB32616A}.Debug|x86.Build.0 = Debug|Win32
		{D5469A26-68E2-47FE-BC21-5B52DB32616A}.Release|x64.ActiveCfg = Release|x64
		{D5469A26-68E2-47FE-BC21-5B52DB32616A}.Release|x64.Build.0 = Release|x64
		{D5469A26-68E2-47FE-BC21-5B52DB32616A}.Release|x86.ActiveCfg = Release|Win32
		{D5469A26-68E2-47FE-BC21-5B52DB32616A}.Release|x86.Build.0 = Release|Win32
		{1D1D974B-C122-4777-B3E2-648A1666A76C}.Debug|x64.ActiveCfg = Debug|x64
		{1D1D974B-C122-4777-B3E2-648A1666A76C}.Debug|x64.Build.0 = Debug|x64
		{1D1D974B-C122-4777-B3E2-648A1666A76C}.Debug|x86.ActiveCfg = Debug|Win32
		{1D1D974B-C122-4777-B3E2-648A1666A76C}.Debug|x86.Build.0 = Debug|Win32
		{1D1D974B-C122-4777-B3E2-648A1666A76C}.Release|x64.ActiveCfg = Release|x64
		{1D1D974B-C122-4777-B3E2-648A1666A76C}.Release|x64.Build.0 = Release|x64
		{1D1D974B-C122-4777-B3E2-648A1666A76C}.Release|x86.ActiveCfg = Release|Win32
		{1D1D974B-C122-4777-B3E2-648A1666A76C}.Release|x86.Build.0 = Release|Win32
	EndGlobalSection
	GlobalSection(SolutionProperties) = preSolution
		HideSolutionNode = FALSE
	EndGlobalSection
	GlobalSection(ExtensibilityGlobals) = postSolution
		SolutionGuid = {44E031F8-1E89-4A9D-BD96-03ABB264725D}
	EndGlobalSection
EndGlobal
